PODS:
  - Expecta (1.0.6)
  - "Expecta+Snapshots (3.1.1)":
    - Expecta (~> 1.0)
    - FBSnapshotTestCase/Core (~> 2.0)
    - Specta (~> 1.0)
  - FBSnapshotTestCase (2.1.4):
    - FBSnapshotTestCase/SwiftSupport (= 2.1.4)
  - FBSnapshotTestCase/Core (2.1.4)
  - FBSnapshotTestCase/SwiftSupport (2.1.4):
    - FBSnapshotTestCase/Core
  - KYPhotoBrowser (0.1.0):
    - MBProgressHUD (~> 1.0.0)
    - SDWebImage (~> 4.0)
  - MBProgressHUD (1.0.0)
  - SDWebImage (4.4.8):
    - SDWebImage/Core (= 4.4.8)
  - SDWebImage/Core (4.4.8)
  - Specta (1.0.7)

DEPENDENCIES:
  - Expecta
  - "Expecta+Snapshots"
  - FBSnapshotTestCase
  - KYPhotoBrowser (from `../`)
  - Specta

SPEC REPOS:
  https://github.com/cocoapods/specs.git:
    - Expecta
    - "Expecta+Snapshots"
    - FBSnapshotTestCase
    - MBProgressHUD
    - SDWebImage
    - Specta

EXTERNAL SOURCES:
  KYPhotoBrowser:
    :path: "../"

SPEC CHECKSUMS:
  Expecta: 3b6bd90a64b9a1dcb0b70aa0e10a7f8f631667d5
  "Expecta+Snapshots": dcff217eef506dabd6dfdc7864ea2da321fafbb8
  FBSnapshotTestCase: 094f9f314decbabe373b87cc339bea235a63e07a
  KYPhotoBrowser: 50a5d7e790a0befda07aa07c393d9efe76ec3fd7
  MBProgressHUD: 4890f671c94e8a0f3cf959aa731e9de2f036d71a
  SDWebImage: 783af2c3fa36291a250030c4752ee370a9a51d13
  Specta: 3e1bd89c3517421982dc4d1c992503e48bd5fe66

PODFILE CHECKSUM: 72dcc7089c5a231ee0d1f97fe258a36e7619d5a2

COCOAPODS: 1.6.1
